
Microsoft Visual Studio Solution File, Format Version 12.00
# Visual Studio Version 17
VisualStudioVersion = 17.9.34714.143
MinimumVisualStudioVersion = 10.0.40219.1
Project("{FAE04EC0-301F-11D3-BF4B-00C04F79EFBC}") = "AccountManagementData", "AccountManagementBote\AccountManagementData.csproj", "{6EA3D987-7B9B-43CD-8976-F8863EFECF23}"
EndProject
Project("{FAE04EC0-301F-11D3-BF4B-00C04F79EFBC}") = "AccountManagementModels", "AccountManagementModels\AccountManagementModels.csproj", "{28FF818C-C093-44C5-B446-74583D1FA63F}"
EndProject
Project("{FAE04EC0-301F-11D3-BF4B-00C04F79EFBC}") = "AccountManagementServices", "AccountManagementServices\AccountManagementServices.csproj", "{BA06710A-CBE4-499D-8EDE-EC40174971BB}"
EndProject
Project("{FAE04EC0-301F-11D3-BF4B-00C04F79EFBC}") = "Client", "Client\Client.csproj", "{52A1F865-D674-4AAD-9D62-D262424937CE}"
EndProject
Global
	GlobalSection(SolutionConfigurationPlatforms) = preSolution
		Debug|Any CPU = Debug|Any CPU
		Release|Any CPU = Release|Any CPU
	EndGlobalSection
	GlobalSection(ProjectConfigurationPlatforms) = postSolution
		{6EA3D987-7B9B-43CD-8976-F8863EFECF23}.Debug|Any CPU.ActiveCfg = Debug|Any CPU
		{6EA3D987-7B9B-43CD-8976-F8863EFECF23}.Debug|Any CPU.Build.0 = Debug|Any CPU
		{6EA3D987-7B9B-43CD-8976-F8863EFECF23}.Release|Any CPU.ActiveCfg = Release|Any CPU
		{6EA3D987-7B9B-43CD-8976-F8863EFECF23}.Release|Any CPU.Build.0 = Release|Any CPU
		{28FF818C-C093-44C5-B446-74583D1FA63F}.Debug|Any CPU.ActiveCfg = Debug|Any CPU
		{28FF818C-C093-44C5-B446-74583D1FA63F}.Debug|Any CPU.Build.0 = Debug|Any CPU
		{28FF818C-C093-44C5-B446-74583D1FA63F}.Release|Any CPU.ActiveCfg = Release|Any CPU
		{28FF818C-C093-44C5-B446-74583D1FA63F}.Release|Any CPU.Build.0 = Release|Any CPU
		{BA06710A-CBE4-499D-8EDE-EC40174971BB}.Debug|Any CPU.ActiveCfg = Debug|Any CPU
		{BA06710A-CBE4-499D-8EDE-EC40174971BB}.Debug|Any CPU.Build.0 = Debug|Any CPU
		{BA06710A-CBE4-499D-8EDE-EC40174971BB}.Release|Any CPU.ActiveCfg = Release|Any CPU
		{BA06710A-CBE4-499D-8EDE-EC40174971BB}.Release|Any CPU.Build.0 = Release|Any CPU
		{52A1F865-D674-4AAD-9D62-D262424937CE}.Debug|Any CPU.ActiveCfg = Debug|Any CPU
		{52A1F865-D674-4AAD-9D62-D262424937CE}.Debug|Any CPU.Build.0 = Debug|Any CPU
		{52A1F865-D674-4AAD-9D62-D262424937CE}.Release|Any CPU.ActiveCfg = Release|Any CPU
		{52A1F865-D674-4AAD-9D62-D262424937CE}.Release|Any CPU.Build.0 = Release|Any CPU
	EndGlobalSection
	GlobalSection(SolutionProperties) = preSolution
		HideSolutionNode = FALSE
	EndGlobalSection
	GlobalSection(ExtensibilityGlobals) = postSolution
		SolutionGuid = {E4C0B840-EE55-4270-A242-52C4BB07C769}
	EndGlobalSection
EndGlobal
